
Microsoft Visual Studio Solution File, Format Version 12.00
# Visual Studio Version 17
VisualStudioVersion = 17.9.34714.143
MinimumVisualStudioVersion = 10.0.40219.1
Project("{FAE04EC0-301F-11D3-BF4B-00C04F79EFBC}") = "Parking.System", "Parking.System.csproj", "{39FDC5B5-BDDE-4595-9C50-0CB89E223039}"
EndProject
Global
	GlobalSection(SolutionConfigurationPlatforms) = preSolution
		Debug|Any CPU = Debug|Any CPU
		Release|Any CPU = Release|Any CPU
	EndGlobalSection
	GlobalSection(ProjectConfigurationPlatforms) = postSolution
		{39FDC5B5-BDDE-4595-9C50-0CB89E223039}.Debug|Any CPU.ActiveCfg = Debug|Any CPU
		{39FDC5B5-BDDE-4595-9C50-0CB89E223039}.Debug|Any CPU.Build.0 = Debug|Any CPU
		{39FDC5B5-BDDE-4595-9C50-0CB89E223039}.Release|Any CPU.ActiveCfg = Release|Any CPU
		{39FDC5B5-BDDE-4595-9C50-0CB89E223039}.Release|Any CPU.Build.0 = Release|Any CPU
	EndGlobalSection
	GlobalSection(SolutionProperties) = preSolution
		HideSolutionNode = FALSE
	EndGlobalSection
	GlobalSection(ExtensibilityGlobals) = postSolution
		SolutionGuid = {F64238AC-C0C4-4526-BB43-E9123DF8742E}
	EndGlobalSection
EndGlobal
